
Microsoft Visual Studio Solution File, Format Version 12.00
# Visual Studio Version 16
VisualStudioVersion = 16.0.31624.102
MinimumVisualStudioVersion = 10.0.40219.1
Project("{FAE04EC0-301F-11D3-BF4B-00C04F79EFBC}") = "lb6(3)", "lb6(3).csproj", "{34F08DDB-061B-4476-8663-BC48C233EDD1}"
EndProject
Global
	GlobalSection(SolutionConfigurationPlatforms) = preSolution
		Debug|Any CPU = Debug|Any CPU
		Release|Any CPU = Release|Any CPU
	EndGlobalSection
	GlobalSection(ProjectConfigurationPlatforms) = postSolution
		{34F08DDB-061B-4476-8663-BC48C233EDD1}.Debug|Any CPU.ActiveCfg = Debug|Any CPU
		{34F08DDB-061B-4476-8663-BC48C233EDD1}.Debug|Any CPU.Build.0 = Debug|Any CPU
		{34F08DDB-061B-4476-8663-BC48C233EDD1}.Release|Any CPU.ActiveCfg = Release|Any CPU
		{34F08DDB-061B-4476-8663-BC48C233EDD1}.Release|Any CPU.Build.0 = Release|Any CPU
	EndGlobalSection
	GlobalSection(SolutionProperties) = preSolution
		HideSolutionNode = FALSE
	EndGlobalSection
	GlobalSection(ExtensibilityGlobals) = postSolution
		SolutionGuid = {33876F83-6ABF-49EF-BAE2-EA7473E10044}
	EndGlobalSection
EndGlobal
